
Microsoft Visual Studio Solution File, Format Version 12.00
# Visual Studio Version 17
VisualStudioVersion = 17.11.35327.3
MinimumVisualStudioVersion = 10.0.40219.1
Project("{9A19103F-16F7-4668-BE54-9A1E7A4F7556}") = "SampleCoverageProject.Test", "SampleCoverageProject.Test\SampleCoverageProject.Test.csproj", "{C838BC24-2B23-414A-8544-691E1E0597F5}"
EndProject
Project("{FAE04EC0-301F-11D3-BF4B-00C04F79EFBC}") = "SampleCoverageProject", "SampleCoverageProject\SampleCoverageProject.csproj", "{91AB5F3B-8969-4756-815E-2CD9DF9DB35A}"
EndProject
Global
	GlobalSection(SolutionConfigurationPlatforms) = preSolution
		Debug|Any CPU = Debug|Any CPU
		Release|Any CPU = Release|Any CPU
	EndGlobalSection
	GlobalSection(ProjectConfigurationPlatforms) = postSolution
		{C838BC24-2B23-414A-8544-691E1E0597F5}.Debug|Any CPU.ActiveCfg = Debug|Any CPU
		{C838BC24-2B23-414A-8544-691E1E0597F5}.Debug|Any CPU.Build.0 = Debug|Any CPU
		{C838BC24-2B23-414A-8544-691E1E0597F5}.Release|Any CPU.ActiveCfg = Release|Any CPU
		{C838BC24-2B23-414A-8544-691E1E0597F5}.Release|Any CPU.Build.0 = Release|Any CPU
		{91AB5F3B-8969-4756-815E-2CD9DF9DB35A}.Debug|Any CPU.ActiveCfg = Debug|Any CPU
		{91AB5F3B-8969-4756-815E-2CD9DF9DB35A}.Debug|Any CPU.Build.0 = Debug|Any CPU
		{91AB5F3B-8969-4756-815E-2CD9DF9DB35A}.Release|Any CPU.ActiveCfg = Release|Any CPU
		{91AB5F3B-8969-4756-815E-2CD9DF9DB35A}.Release|Any CPU.Build.0 = Release|Any CPU
	EndGlobalSection
	GlobalSection(SolutionProperties) = preSolution
		HideSolutionNode = FALSE
	EndGlobalSection
	GlobalSection(ExtensibilityGlobals) = postSolution
		SolutionGuid = {E34B1574-CD9C-44E2-8D1B-0C1197F60BC0}
	EndGlobalSection
EndGlobal
